
Microsoft Visual Studio Solution File, Format Version 12.00
# Visual Studio 15
VisualStudioVersion = 15.0.28307.421
MinimumVisualStudioVersion = 10.0.40219.1
Project("{FAE04EC0-301F-11D3-BF4B-00C04F79EFBC}") = "backend", "backend\backend.csproj", "{D4AA3CEB-6591-4B58-8529-A9D8ED54AD4D}"
EndProject
Global
	GlobalSection(SolutionConfigurationPlatforms) = preSolution
		Debug|Any CPU = Debug|Any CPU
		Release|Any CPU = Release|Any CPU
	EndGlobalSection
	GlobalSection(ProjectConfigurationPlatforms) = postSolution
		{D4AA3CEB-6591-4B58-8529-A9D8ED54AD4D}.Debug|Any CPU.ActiveCfg = Debug|Any CPU
		{D4AA3CEB-6591-4B58-8529-A9D8ED54AD4D}.Debug|Any CPU.Build.0 = Debug|Any CPU
		{D4AA3CEB-6591-4B58-8529-A9D8ED54AD4D}.Release|Any CPU.ActiveCfg = Release|Any CPU
		{D4AA3CEB-6591-4B58-8529-A9D8ED54AD4D}.Release|Any CPU.Build.0 = Release|Any CPU
	EndGlobalSection
	GlobalSection(SolutionProperties) = preSolution
		HideSolutionNode = FALSE
	EndGlobalSection
	GlobalSection(ExtensibilityGlobals) = postSolution
		SolutionGuid = {3C8A8710-713A-438E-9B71-0BAC17F2178C}
	EndGlobalSection
EndGlobal
